
Microsoft Visual Studio Solution File, Format Version 12.00
# Visual Studio 15
VisualStudioVersion = 15.0.26730.16
MinimumVisualStudioVersion = 10.0.40219.1
Project("{FAE04EC0-301F-11D3-BF4B-00C04F79EFBC}") = "Core", "Core\Core.csproj", "{9353A182-F4A7-4393-BB01-6AF7E629A292}"
EndProject
Project("{FAE04EC0-301F-11D3-BF4B-00C04F79EFBC}") = "Tests", "Tests\Tests.csproj", "{7C56DB59-44E0-4163-A4DC-11C311E3252E}"
EndProject
Global
	GlobalSection(SolutionConfigurationPlatforms) = preSolution
		Debug|Any CPU = Debug|Any CPU
		Release|Any CPU = Release|Any CPU
	EndGlobalSection
	GlobalSection(ProjectConfigurationPlatforms) = postSolution
		{9353A182-F4A7-4393-BB01-6AF7E629A292}.Debug|Any CPU.ActiveCfg = Debug|Any CPU
		{9353A182-F4A7-4393-BB01-6AF7E629A292}.Debug|Any CPU.Build.0 = Debug|Any CPU
		{9353A182-F4A7-4393-BB01-6AF7E629A292}.Release|Any CPU.ActiveCfg = Release|Any CPU
		{9353A182-F4A7-4393-BB01-6AF7E629A292}.Release|Any CPU.Build.0 = Release|Any CPU
		{7C56DB59-44E0-4163-A4DC-11C311E3252E}.Debug|Any CPU.ActiveCfg = Debug|Any CPU
		{7C56DB59-44E0-4163-A4DC-11C311E3252E}.Debug|Any CPU.Build.0 = Debug|Any CPU
		{7C56DB59-44E0-4163-A4DC-11C311E3252E}.Release|Any CPU.ActiveCfg = Release|Any CPU
		{7C56DB59-44E0-4163-A4DC-11C311E3252E}.Release|Any CPU.Build.0 = Release|Any CPU
	EndGlobalSection
	GlobalSection(SolutionProperties) = preSolution
		HideSolutionNode = FALSE
	EndGlobalSection
	GlobalSection(ExtensibilityGlobals) = postSolution
		SolutionGuid = {A43A9860-D6A6-4259-89E7-220210FB8AFF}
	EndGlobalSection
EndGlobal
